
Microsoft Visual Studio Solution File, Format Version 12.00
# Visual Studio Version 16
VisualStudioVersion = 16.0.30523.141
MinimumVisualStudioVersion = 10.0.40219.1
Project("{FAE04EC0-301F-11D3-BF4B-00C04F79EFBC}") = "Cloud_Shopping_Mall", "Cloud_Shopping_Mall\Cloud_Shopping_Mall.csproj", "{10C7EEC6-1CFF-453C-B3F3-7DBC0205198E}"
EndProject
Global
	GlobalSection(SolutionConfigurationPlatforms) = preSolution
		Debug|Any CPU = Debug|Any CPU
		Release|Any CPU = Release|Any CPU
	EndGlobalSection
	GlobalSection(ProjectConfigurationPlatforms) = postSolution
		{10C7EEC6-1CFF-453C-B3F3-7DBC0205198E}.Debug|Any CPU.ActiveCfg = Debug|Any CPU
		{10C7EEC6-1CFF-453C-B3F3-7DBC0205198E}.Debug|Any CPU.Build.0 = Debug|Any CPU
		{10C7EEC6-1CFF-453C-B3F3-7DBC0205198E}.Release|Any CPU.ActiveCfg = Release|Any CPU
		{10C7EEC6-1CFF-453C-B3F3-7DBC0205198E}.Release|Any CPU.Build.0 = Release|Any CPU
	EndGlobalSection
	GlobalSection(SolutionProperties) = preSolution
		HideSolutionNode = FALSE
	EndGlobalSection
	GlobalSection(ExtensibilityGlobals) = postSolution
		SolutionGuid = {0FD3ADC5-FE1C-4FB7-A6E4-E7BE7CFB9465}
	EndGlobalSection
EndGlobal
